
Microsoft Visual Studio Solution File, Format Version 12.00
# Visual Studio 14
VisualStudioVersion = 14.0.25420.1
MinimumVisualStudioVersion = 10.0.40219.1
Project("{FAE04EC0-301F-11D3-BF4B-00C04F79EFBC}") = "WebPractFinal", "WebPractFinal\WebPractFinal.csproj", "{1340BB3C-09F9-4E38-A466-FCFBC994427F}"
	ProjectSection(ProjectDependencies) = postProject
		{1FC99BCA-1963-43FF-8F1C-280418C31DAA} = {1FC99BCA-1963-43FF-8F1C-280418C31DAA}
	EndProjectSection
EndProject
Project("{FAE04EC0-301F-11D3-BF4B-00C04F79EFBC}") = "ServiceExamen", "ServiceExamen\ServiceExamen.csproj", "{1FC99BCA-1963-43FF-8F1C-280418C31DAA}"
EndProject
Global
	GlobalSection(SolutionConfigurationPlatforms) = preSolution
		Debug|Any CPU = Debug|Any CPU
		Release|Any CPU = Release|Any CPU
	EndGlobalSection
	GlobalSection(ProjectConfigurationPlatforms) = postSolution
		{1340BB3C-09F9-4E38-A466-FCFBC994427F}.Debug|Any CPU.ActiveCfg = Debug|Any CPU
		{1340BB3C-09F9-4E38-A466-FCFBC994427F}.Debug|Any CPU.Build.0 = Debug|Any CPU
		{1340BB3C-09F9-4E38-A466-FCFBC994427F}.Release|Any CPU.ActiveCfg = Release|Any CPU
		{1340BB3C-09F9-4E38-A466-FCFBC994427F}.Release|Any CPU.Build.0 = Release|Any CPU
		{1FC99BCA-1963-43FF-8F1C-280418C31DAA}.Debug|Any CPU.ActiveCfg = Debug|Any CPU
		{1FC99BCA-1963-43FF-8F1C-280418C31DAA}.Debug|Any CPU.Build.0 = Debug|Any CPU
		{1FC99BCA-1963-43FF-8F1C-280418C31DAA}.Release|Any CPU.ActiveCfg = Release|Any CPU
		{1FC99BCA-1963-43FF-8F1C-280418C31DAA}.Release|Any CPU.Build.0 = Release|Any CPU
	EndGlobalSection
	GlobalSection(SolutionProperties) = preSolution
		HideSolutionNode = FALSE
	EndGlobalSection
EndGlobal
